// !$*UTF8*$!
{
	archiveVersion = 1;
	classes = {
	};
	objectVersion = 46;
	objects = {

/* Begin PBXBuildFile section */
		C1485EEC1AC91507002C3083 /* SecondMasterViewController.swift in Sources */ = {isa = PBXBuildFile; fileRef = C1485EEB1AC91507002C3083 /* SecondMasterViewController.swift */; };
		C181C5E91AC8E42900DF3682 /* AppDelegate.swift in Sources */ = {isa = PBXBuildFile; fileRef = C181C5E81AC8E42900DF3682 /* AppDelegate.swift */; };
		C181C5EB1AC8E42900DF3682 /* MasterViewController.swift in Sources */ = {isa = PBXBuildFile; fileRef = C181C5EA1AC8E42900DF3682 /* MasterViewController.swift */; };
		C181C5ED1AC8E42900DF3682 /* DetailViewController.swift in Sources */ = {isa = PBXBuildFile; fileRef = C181C5EC1AC8E42900DF3682 /* DetailViewController.swift */; };
		C181C5F21AC8E42900DF3682 /* Images.xcassets in Resources */ = {isa = PBXBuildFile; fileRef = C181C5F11AC8E42900DF3682 /* Images.xcassets */; };
		C181C6011AC8E42900DF3682 /* FontsTests.swift in Sources */ = {isa = PBXBuildFile; fileRef = C181C6001AC8E42900DF3682 /* FontsTests.swift */; };
		C1E6C8EA1AC9466B00DDF3EF /* Main.storyboard in Resources */ = {isa = PBXBuildFile; fileRef = C1485F2D1AC94457002C3083 /* Main.storyboard */; };
		C1E6C8EB1AC9466F00DDF3EF /* LaunchScreen.xib in Resources */ = {isa = PBXBuildFile; fileRef = C1485F2F1AC94457002C3083 /* LaunchScreen.xib */; };
/* End PBXBuildFile section */

/* Begin PBXContainerItemProxy section */
		C181C5FB1AC8E42900DF3682 /* PBXContainerItemProxy */ = {
			isa = PBXContainerItemProxy;
			containerPortal = C181C5DB1AC8E42900DF3682 /* Project object */;
			proxyType = 1;
			remoteGlobalIDString = C181C5E21AC8E42900DF3682;
			remoteInfo = Fonts;
		};
/* End PBXContainerItemProxy section */

/* Begin PBXFileReference section */
		C1485EEB1AC91507002C3083 /* SecondMasterViewController.swift */ = {isa = PBXFileReference; fileEncoding = 4; lastKnownFileType = sourcecode.swift; path = SecondMasterViewController.swift; sourceTree = "<group>"; };
		C1485F2E1AC94457002C3083 /* Base */ = {isa = PBXFileReference; lastKnownFileType = file.storyboard; name = Base; path = Base.lproj/Main.storyboard; sourceTree = "<group>"; };
		C1485F301AC94457002C3083 /* Base */ = {isa = PBXFileReference; lastKnownFileType = file.xib; name = Base; path = Base.lproj/LaunchScreen.xib; sourceTree = "<group>"; };
		C181C5E31AC8E42900DF3682 /* Fonts.app */ = {isa = PBXFileReference; explicitFileType = wrapper.application; includeInIndex = 0; path = Fonts.app; sourceTree = BUILT_PRODUCTS_DIR; };
		C181C5E71AC8E42900DF3682 /* Info.plist */ = {isa = PBXFileReference; lastKnownFileType = text.plist.xml; path = Info.plist; sourceTree = "<group>"; };
		C181C5E81AC8E42900DF3682 /* AppDelegate.swift */ = {isa = PBXFileReference; lastKnownFileType = sourcecode.swift; path = AppDelegate.swift; sourceTree = "<group>"; };
		C181C5EA1AC8E42900DF3682 /* MasterViewController.swift */ = {isa = PBXFileReference; lastKnownFileType = sourcecode.swift; path = MasterViewController.swift; sourceTree = "<group>"; };
		C181C5EC1AC8E42900DF3682 /* DetailViewController.swift */ = {isa = PBXFileReference; lastKnownFileType = sourcecode.swift; path = DetailViewController.swift; sourceTree = "<group>"; };
		C181C5F11AC8E42900DF3682 /* Images.xcassets */ = {isa = PBXFileReference; lastKnownFileType = folder.assetcatalog; path = Images.xcassets; sourceTree = "<group>"; };
		C181C5FA1AC8E42900DF3682 /* FontsTests.xctest */ = {isa = PBXFileReference; explicitFileType = wrapper.cfbundle; includeInIndex = 0; path = FontsTests.xctest; sourceTree = BUILT_PRODUCTS_DIR; };
		C181C5FF1AC8E42900DF3682 /* Info.plist */ = {isa = PBXFileReference; lastKnownFileType = text.plist.xml; path = Info.plist; sourceTree = "<group>"; };
		C181C6001AC8E42900DF3682 /* FontsTests.swift */ = {isa = PBXFileReference; lastKnownFileType = sourcecode.swift; path = FontsTests.swift; sourceTree = "<group>"; };
		C1E6C8EC1AC946D800DDF3EF /* zh-Hans */ = {isa = PBXFileReference; lastKnownFileType = file.storyboard; name = "zh-Hans"; path = "zh-Hans.lproj/Main.storyboard"; sourceTree = "<group>"; };
		C1E6C8ED1AC946D800DDF3EF /* zh-Hans */ = {isa = PBXFileReference; lastKnownFileType = file.xib; name = "zh-Hans"; path = "zh-Hans.lproj/LaunchScreen.xib"; sourceTree = "<group>"; };
/* End PBXFileReference section */

/* Begin PBXFrameworksBuildPhase section */
		C181C5E01AC8E42900DF3682 /* Frameworks */ = {
			isa = PBXFrameworksBuildPhase;
			buildActionMask = 2147483647;
			files = (
			);
			runOnlyForDeploymentPostprocessing = 0;
		};
		C181C5F71AC8E42900DF3682 /* Frameworks */ = {
			isa = PBXFrameworksBuildPhase;
			buildActionMask = 2147483647;
			files = (
			);
			runOnlyForDeploymentPostprocessing = 0;
		};
/* End PBXFrameworksBuildPhase section */

/* Begin PBXGroup section */
		C181C5DA1AC8E42900DF3682 = {
			isa = PBXGroup;
			children = (
				C181C5E51AC8E42900DF3682 /* Fonts */,
				C181C5FD1AC8E42900DF3682 /* FontsTests */,
				C181C5E41AC8E42900DF3682 /* Products */,
			);
			sourceTree = "<group>";
		};
		C181C5E41AC8E42900DF3682 /* Products */ = {
			isa = PBXGroup;
			children = (
				C181C5E31AC8E42900DF3682 /* Fonts.app */,
				C181C5FA1AC8E42900DF3682 /* FontsTests.xctest */,
			);
			name = Products;
			sourceTree = "<group>";
		};
		C181C5E51AC8E42900DF3682 /* Fonts */ = {
			isa = PBXGroup;
			children = (
				C181C5E81AC8E42900DF3682 /* AppDelegate.swift */,
				C181C5EA1AC8E42900DF3682 /* MasterViewController.swift */,
				C1485EEB1AC91507002C3083 /* SecondMasterViewController.swift */,
				C181C5EC1AC8E42900DF3682 /* DetailViewController.swift */,
				C1485F2D1AC94457002C3083 /* Main.storyboard */,
				C1485F2F1AC94457002C3083 /* LaunchScreen.xib */,
				C181C5F11AC8E42900DF3682 /* Images.xcassets */,
				C181C5E61AC8E42900DF3682 /* Supporting Files */,
			);
			path = Fonts;
			sourceTree = "<group>";
		};
		C181C5E61AC8E42900DF3682 /* Supporting Files */ = {
			isa = PBXGroup;
			children = (
				C181C5E71AC8E42900DF3682 /* Info.plist */,
			);
			name = "Supporting Files";
			sourceTree = "<group>";
		};
		C181C5FD1AC8E42900DF3682 /* FontsTests */ = {
			isa = PBXGroup;
			children = (
				C181C6001AC8E42900DF3682 /* FontsTests.swift */,
				C181C5FE1AC8E42900DF3682 /* Supporting Files */,
			);
			path = FontsTests;
			sourceTree = "<group>";
		};
		C181C5FE1AC8E42900DF3682 /* Supporting Files */ = {
			isa = PBXGroup;
			children = (
				C181C5FF1AC8E42900DF3682 /* Info.plist */,
			);
			name = "Supporting Files";
			sourceTree = "<group>";
		};
/* End PBXGroup section */

/* Begin PBXNativeTarget section */
		C181C5E21AC8E42900DF3682 /* Fonts */ = {
			isa = PBXNativeTarget;
			buildConfigurationList = C181C6041AC8E42900DF3682 /* Build configuration list for PBXNativeTarget "Fonts" */;
			buildPhases = (
				C181C5DF1AC8E42900DF3682 /* Sources */,
				C181C5E01AC8E42900DF3682 /* Frameworks */,
				C181C5E11AC8E42900DF3682 /* Resources */,
			);
			buildRules = (
			);
			dependencies = (
			);
			name = Fonts;
			productName = Fonts;
			productReference = C181C5E31AC8E42900DF3682 /* Fonts.app */;
			productType = "com.apple.product-type.application";
		};
		C181C5F91AC8E42900DF3682 /* FontsTests */ = {
			isa = PBXNativeTarget;
			buildConfigurationList = C181C6071AC8E42900DF3682 /* Build configuration list for PBXNativeTarget "FontsTests" */;
			buildPhases = (
				C181C5F61AC8E42900DF3682 /* Sources */,
				C181C5F71AC8E42900DF3682 /* Frameworks */,
				C181C5F81AC8E42900DF3682 /* Resources */,
			);
			buildRules = (
			);
			dependencies = (
				C181C5FC1AC8E42900DF3682 /* PBXTargetDependency */,
			);
			name = FontsTests;
			productName = FontsTests;
			productReference = C181C5FA1AC8E42900DF3682 /* FontsTests.xctest */;
			productType = "com.apple.product-type.bundle.unit-test";
		};
/* End PBXNativeTarget section */

/* Begin PBXProject section */
		C181C5DB1AC8E42900DF3682 /* Project object */ = {
			isa = PBXProject;
			attributes = {
				LastUpgradeCheck = 0620;
				ORGANIZATIONNAME = UnixOSS;
				TargetAttributes = {
					C181C5E21AC8E42900DF3682 = {
						CreatedOnToolsVersion = 6.2;
					};
					C181C5F91AC8E42900DF3682 = {
						CreatedOnToolsVersion = 6.2;
						TestTargetID = C181C5E21AC8E42900DF3682;
					};
				};
			};
			buildConfigurationList = C181C5DE1AC8E42900DF3682 /* Build configuration list for PBXProject "Fonts" */;
			compatibilityVersion = "Xcode 3.2";
			developmentRegion = English;
			hasScannedForEncodings = 0;
			knownRegions = (
				Base,
				"zh-Hans",
			);
			mainGroup = C181C5DA1AC8E42900DF3682;
			productRefGroup = C181C5E41AC8E42900DF3682 /* Products */;
			projectDirPath = "";
			projectRoot = "";
			targets = (
				C181C5E21AC8E42900DF3682 /* Fonts */,
				C181C5F91AC8E42900DF3682 /* FontsTests */,
			);
		};
/* End PBXProject section */

/* Begin PBXResourcesBuildPhase section */
		C181C5E11AC8E42900DF3682 /* Resources */ = {
			isa = PBXResourcesBuildPhase;
			buildActionMask = 2147483647;
			files = (
				C181C5F21AC8E42900DF3682 /* Images.xcassets in Resources */,
				C1E6C8EB1AC9466F00DDF3EF /* LaunchScreen.xib in Resources */,
				C1E6C8EA1AC9466B00DDF3EF /* Main.storyboard in Resources */,
			);
			runOnlyForDeploymentPostprocessing = 0;
		};
		C181C5F81AC8E42900DF3682 /* Resources */ = {
			isa = PBXResourcesBuildPhase;
			buildActionMask = 2147483647;
			files = (
			);
			runOnlyForDeploymentPostprocessing = 0;
		};
/* End PBXResourcesBuildPhase section */

/* Begin PBXSourcesBuildPhase section */
		C181C5DF1AC8E42900DF3682 /* Sources */ = {
			isa = PBXSourcesBuildPhase;
			buildActionMask = 2147483647;
			files = (
				C1485EEC1AC91507002C3083 /* SecondMasterViewController.swift in Sources */,
				C181C5ED1AC8E42900DF3682 /* DetailViewController.swift in Sources */,
				C181C5EB1AC8E42900DF3682 /* MasterViewController.swift in Sources */,
				C181C5E91AC8E42900DF3682 /* AppDelegate.swift in Sources */,
			);
			runOnlyForDeploymentPostprocessing = 0;
		};
		C181C5F61AC8E42900DF3682 /* Sources */ = {
			isa = PBXSourcesBuildPhase;
			buildActionMask = 2147483647;
			files = (
				C181C6011AC8E42900DF3682 /* FontsTests.swift in Sources */,
			);
			runOnlyForDeploymentPostprocessing = 0;
		};
/* End PBXSourcesBuildPhase section */

/* Begin PBXTargetDependency section */
		C181C5FC1AC8E42900DF3682 /* PBXTargetDependency */ = {
			isa = PBXTargetDependency;
			target = C181C5E21AC8E42900DF3682 /* Fonts */;
			targetProxy = C181C5FB1AC8E42900DF3682 /* PBXContainerItemProxy */;
		};
/* End PBXTargetDependency section */

/* Begin PBXVariantGroup section */
		C1485F2D1AC94457002C3083 /* Main.storyboard */ = {
			isa = PBXVariantGroup;
			children = (
				C1485F2E1AC94457002C3083 /* Base */,
				C1E6C8EC1AC946D800DDF3EF /* zh-Hans */,
			);
			name = Main.storyboard;
			sourceTree = "<group>";
		};
		C1485F2F1AC94457002C3083 /* LaunchScreen.xib */ = {
			isa = PBXVariantGroup;
			children = (
				C1485F301AC94457002C3083 /* Base */,
				C1E6C8ED1AC946D800DDF3EF /* zh-Hans */,
			);
			name = LaunchScreen.xib;
			sourceTree = "<group>";
		};
/* End PBXVariantGroup section */

/* Begin XCBuildConfiguration section */
		C181C6021AC8E42900DF3682 /* Debug */ = {
			isa = XCBuildConfiguration;
			buildSettings = {
				ALWAYS_SEARCH_USER_PATHS = NO;
				CLANG_CXX_LANGUAGE_STANDARD = "gnu++0x";
				CLANG_CXX_LIBRARY = "libc++";
				CLANG_ENABLE_MODULES = YES;
				CLANG_ENABLE_OBJC_ARC = YES;
				CLANG_WARN_BOOL_CONVERSION = YES;
				CLANG_WARN_CONSTANT_CONVERSION = YES;
				CLANG_WARN_DIRECT_OBJC_ISA_USAGE = YES_ERROR;
				CLANG_WARN_EMPTY_BODY = YES;
				CLANG_WARN_ENUM_CONVERSION = YES;
				CLANG_WARN_INT_CONVERSION = YES;
				CLANG_WARN_OBJC_ROOT_CLASS = YES_ERROR;
				CLANG_WARN_UNREACHABLE_CODE = YES;
				CLANG_WARN__DUPLICATE_METHOD_MATCH = YES;
				"CODE_SIGN_IDENTITY[sdk=iphoneos*]" = "iPhone Developer";
				COPY_PHASE_STRIP = NO;
				ENABLE_STRICT_OBJC_MSGSEND = YES;
				GCC_C_LANGUAGE_STANDARD = gnu99;
				GCC_DYNAMIC_NO_PIC = NO;
				GCC_OPTIMIZATION_LEVEL = 0;
				GCC_PREPROCESSOR_DEFINITIONS = (
					"DEBUG=1",
					"$(inherited)",
				);
				GCC_SYMBOLS_PRIVATE_EXTERN = NO;
				GCC_WARN_64_TO_32_BIT_CONVERSION = YES;
				GCC_WARN_ABOUT_RETURN_TYPE = YES_ERROR;
				GCC_WARN_UNDECLARED_SELECTOR = YES;
				GCC_WARN_UNINITIALIZED_AUTOS = YES_AGGRESSIVE;
				GCC_WARN_UNUSED_FUNCTION = YES;
				GCC_WARN_UNUSED_VARIABLE = YES;
				IPHONEOS_DEPLOYMENT_TARGET = 8.2;
				MTL_ENABLE_DEBUG_INFO = YES;
				ONLY_ACTIVE_ARCH = YES;
				SDKROOT = iphoneos;
				SWIFT_OPTIMIZATION_LEVEL = "-Onone";
				TARGETED_DEVICE_FAMILY = "1,2";
			};
			name = Debug;
		};
		C181C6031AC8E42900DF3682 /* Release */ = {
			isa = XCBuildConfiguration;
			buildSettings = {
				ALWAYS_SEARCH_USER_PATHS = NO;
				CLANG_CXX_LANGUAGE_STANDARD = "gnu++0x";
				CLANG_CXX_LIBRARY = "libc++";
				CLANG_ENABLE_MODULES = YES;
				CLANG_ENABLE_OBJC_ARC = YES;
				CLANG_WARN_BOOL_CONVERSION = YES;
				CLANG_WARN_CONSTANT_CONVERSION = YES;
				CLANG_WARN_DIRECT_OBJC_ISA_USAGE = YES_ERROR;
				CLANG_WARN_EMPTY_BODY = YES;
				CLANG_WARN_ENUM_CONVERSION = YES;
				CLANG_WARN_INT_CONVERSION = YES;
				CLANG_WARN_OBJC_ROOT_CLASS = YES_ERROR;
				CLANG_WARN_UNREACHABLE_CODE = YES;
				CLANG_WARN__DUPLICATE_METHOD_MATCH = YES;
				"CODE_SIGN_IDENTITY[sdk=iphoneos*]" = "iPhone Developer";
				COPY_PHASE_STRIP = NO;
				ENABLE_NS_ASSERTIONS = NO;
				ENABLE_STRICT_OBJC_MSGSEND = YES;
				GCC_C_LANGUAGE_STANDARD = gnu99;
				GCC_WARN_64_TO_32_BIT_CONVERSION = YES;
				GCC_WARN_ABOUT_RETURN_TYPE = YES_ERROR;
				GCC_WARN_UNDECLARED_SELECTOR = YES;
				GCC_WARN_UNINITIALIZED_AUTOS = YES_AGGRESSIVE;
				GCC_WARN_UNUSED_FUNCTION = YES;
				GCC_WARN_UNUSED_VARIABLE = YES;
				IPHONEOS_DEPLOYMENT_TARGET = 8.2;
				MTL_ENABLE_DEBUG_INFO = NO;
				SDKROOT = iphoneos;
				TARGETED_DEVICE_FAMILY = "1,2";
				VALIDATE_PRODUCT = YES;
			};
			name = Release;
		};
		C181C6051AC8E42900DF3682 /* Debug */ = {
			isa = XCBuildConfiguration;
			buildSettings = {
				ASSETCATALOG_COMPILER_APPICON_NAME = AppIcon;
				INFOPLIST_FILE = Fonts/Info.plist;
				LD_RUNPATH_SEARCH_PATHS = "$(inherited) @executable_path/Frameworks";
				PRODUCT_NAME = "$(TARGET_NAME)";
			};
			name = Debug;
		};
		C181C6061AC8E42900DF3682 /* Release */ = {
			isa = XCBuildConfiguration;
			buildSettings = {
				ASSETCATALOG_COMPILER_APPICON_NAME = AppIcon;
				INFOPLIST_FILE = Fonts/Info.plist;
				LD_RUNPATH_SEARCH_PATHS = "$(inherited) @executable_path/Frameworks";
				PRODUCT_NAME = "$(TARGET_NAME)";
			};
			name = Release;
		};
		C181C6081AC8E42900DF3682 /* Debug */ = {
			isa = XCBuildConfiguration;
			buildSettings = {
				BUNDLE_LOADER = "$(TEST_HOST)";
				FRAMEWORK_SEARCH_PATHS = (
					"$(SDKROOT)/Developer/Library/Frameworks",
					"$(inherited)",
				);
				GCC_PREPROCESSOR_DEFINITIONS = (
					"DEBUG=1",
					"$(inherited)",
				);
				INFOPLIST_FILE = FontsTests/Info.plist;
				LD_RUNPATH_SEARCH_PATHS = "$(inherited) @executable_path/Frameworks @loader_path/Frameworks";
				PRODUCT_NAME = "$(TARGET_NAME)";
				TEST_HOST = "$(BUILT_PRODUCTS_DIR)/Fonts.app/Fonts";
			};
			name = Debug;
		};
		C181C6091AC8E42900DF3682 /* Release */ = {
			isa = XCBuildConfiguration;
			buildSettings = {
				BUNDLE_LOADER = "$(TEST_HOST)";
				FRAMEWORK_SEARCH_PATHS = (
					"$(SDKROOT)/Developer/Library/Frameworks",
					"$(inherited)",
				);
				INFOPLIST_FILE = FontsTests/Info.plist;
				LD_RUNPATH_SEARCH_PATHS = "$(inherited) @executable_path/Frameworks @loader_path/Frameworks";
				PRODUCT_NAME = "$(TARGET_NAME)";
				TEST_HOST = "$(BUILT_PRODUCTS_DIR)/Fonts.app/Fonts";
			};
			name = Release;
		};
/* End XCBuildConfiguration section */

/* Begin XCConfigurationList section */
		C181C5DE1AC8E42900DF3682 /* Build configuration list for PBXProject "Fonts" */ = {
			isa = XCConfigurationList;
			buildConfigurations = (
				C181C6021AC8E42900DF3682 /* Debug */,
				C181C6031AC8E42900DF3682 /* Release */,
			);
			defaultConfigurationIsVisible = 0;
			defaultConfigurationName = Release;
		};
		C181C6041AC8E42900DF3682 /* Build configuration list for PBXNativeTarget "Fonts" */ = {
			isa = XCConfigurationList;
			buildConfigurations = (
				C181C6051AC8E42900DF3682 /* Debug */,
				C181C6061AC8E42900DF3682 /* Release */,
			);
			defaultConfigurationIsVisible = 0;
			defaultConfigurationName = Release;
		};
		C181C6071AC8E42900DF3682 /* Build configuration list for PBXNativeTarget "FontsTests" */ = {
			isa = XCConfigurationList;
			buildConfigurations = (
				C181C6081AC8E42900DF3682 /* Debug */,
				C181C6091AC8E42900DF3682 /* Release */,
			);
			defaultConfigurationIsVisible = 0;
			defaultConfigurationName = Release;
		};
/* End XCConfigurationList section */
	};
	rootObject = C181C5DB1AC8E42900DF3682 /* Project object */;
}
